<?xml version="1.0" encoding="utf-8"?>
<Project ToolsVersion="16.0" xmlns="http://schemas.microsoft.com/developer/msbuild/2003">
  <ItemGroup>
    <ClCompile Include="C:\Users\adamm\NCSU Git\CSC 581\River\Game\Source\GameApp.cpp">
      <Filter>Source Files</Filter>
    </ClCompile>
  </ItemGroup>
  <ItemGroup>
    <CustomBuild Include="C:\Users\adamm\NCSU Git\CSC 581\River\Game\CMakeLists.txt" />
  </ItemGroup>
  <ItemGroup>
    <Filter Include="Source Files">
      <UniqueIdentifier>{6D34A31C-4330-3500-8B91-085AC2640DBF}</UniqueIdentifier>
    </Filter>
  </ItemGroup>
</Project>
