<?xml version="1.0" encoding="utf-8"?>
<Project ToolsVersion="16.0" xmlns="http://schemas.microsoft.com/developer/msbuild/2003">
  <ItemGroup>
    <ClCompile Include="C:\Users\adamm\OneDrive\Documents\NCSU Stuff\CSC 581\Game Engine\River\Game\Source\GameApp.cpp">
      <Filter>Source Files</Filter>
    </ClCompile>
  </ItemGroup>
  <ItemGroup>
    <CustomBuild Include="C:\Users\adamm\OneDrive\Documents\NCSU Stuff\CSC 581\Game Engine\River\Game\CMakeLists.txt" />
  </ItemGroup>
  <ItemGroup>
    <Filter Include="Source Files">
      <UniqueIdentifier>{6F44E2AC-FE44-3D04-89D2-7930E9289086}</UniqueIdentifier>
    </Filter>
  </ItemGroup>
</Project>
