
Microsoft Visual Studio Solution File, Format Version 12.00
# Visual Studio Version 16
Project("{8BC9CEB8-8B4A-11D0-8D11-00A0C91BC942}") = "ALL_BUILD", "ALL_BUILD.vcxproj", "{3C77EAD3-03E7-3B9C-9833-34984854AD11}"
	ProjectSection(ProjectDependencies) = postProject
		{B4E31461-E072-3081-9B35-3A6FABA78E9F} = {B4E31461-E072-3081-9B35-3A6FABA78E9F}
		{7A399E24-0973-331F-981E-350059D575F4} = {7A399E24-0973-331F-981E-350059D575F4}
		{2A1499C0-24D0-3BBC-A68A-A0D3E0EE5015} = {2A1499C0-24D0-3BBC-A68A-A0D3E0EE5015}
		{1C182E04-93E4-348B-89D1-A31A206F730C} = {1C182E04-93E4-348B-89D1-A31A206F730C}
		{985AE6F3-350B-3F2A-BD76-D2836968F970} = {985AE6F3-350B-3F2A-BD76-D2836968F970}
		{DA98BF67-1FE4-3389-8EFA-03D94F378836} = {DA98BF67-1FE4-3389-8EFA-03D94F378836}
	EndProjectSection
EndProject
Project("{8BC9CEB8-8B4A-11D0-8D11-00A0C91BC942}") = "Engine", "Engine\Engine.vcxproj", "{B4E31461-E072-3081-9B35-3A6FABA78E9F}"
	ProjectSection(ProjectDependencies) = postProject
		{2A1499C0-24D0-3BBC-A68A-A0D3E0EE5015} = {2A1499C0-24D0-3BBC-A68A-A0D3E0EE5015}
		{DA98BF67-1FE4-3389-8EFA-03D94F378836} = {DA98BF67-1FE4-3389-8EFA-03D94F378836}
	EndProjectSection
EndProject
Project("{8BC9CEB8-8B4A-11D0-8D11-00A0C91BC942}") = "Game", "Game\Game.vcxproj", "{7A399E24-0973-331F-981E-350059D575F4}"
	ProjectSection(ProjectDependencies) = postProject
		{B4E31461-E072-3081-9B35-3A6FABA78E9F} = {B4E31461-E072-3081-9B35-3A6FABA78E9F}
		{2A1499C0-24D0-3BBC-A68A-A0D3E0EE5015} = {2A1499C0-24D0-3BBC-A68A-A0D3E0EE5015}
		{DA98BF67-1FE4-3389-8EFA-03D94F378836} = {DA98BF67-1FE4-3389-8EFA-03D94F378836}
	EndProjectSection
EndProject
Project("{8BC9CEB8-8B4A-11D0-8D11-00A0C91BC942}") = "SDL3-static", "Vendor\SDL\SDL3-static.vcxproj", "{2A1499C0-24D0-3BBC-A68A-A0D3E0EE5015}"
	ProjectSection(ProjectDependencies) = postProject
		{985AE6F3-350B-3F2A-BD76-D2836968F970} = {985AE6F3-350B-3F2A-BD76-D2836968F970}
		{DA98BF67-1FE4-3389-8EFA-03D94F378836} = {DA98BF67-1FE4-3389-8EFA-03D94F378836}
	EndProjectSection
EndProject
Project("{8BC9CEB8-8B4A-11D0-8D11-00A0C91BC942}") = "SDL3_test", "Vendor\SDL\SDL3_test.vcxproj", "{1C182E04-93E4-348B-89D1-A31A206F730C}"
	ProjectSection(ProjectDependencies) = postProject
		{DA98BF67-1FE4-3389-8EFA-03D94F378836} = {DA98BF67-1FE4-3389-8EFA-03D94F378836}
	EndProjectSection
EndProject
Project("{8BC9CEB8-8B4A-11D0-8D11-00A0C91BC942}") = "SDL_uclibc", "Vendor\SDL\SDL_uclibc.vcxproj", "{985AE6F3-350B-3F2A-BD76-D2836968F970}"
	ProjectSection(ProjectDependencies) = postProject
		{DA98BF67-1FE4-3389-8EFA-03D94F378836} = {DA98BF67-1FE4-3389-8EFA-03D94F378836}
	EndProjectSection
EndProject
Project("{8BC9CEB8-8B4A-11D0-8D11-00A0C91BC942}") = "ZERO_CHECK", "ZERO_CHECK.vcxproj", "{DA98BF67-1FE4-3389-8EFA-03D94F378836}"
	ProjectSection(ProjectDependencies) = postProject
	EndProjectSection
EndProject
Global
	GlobalSection(SolutionConfigurationPlatforms) = preSolution
		Debug|x64 = Debug|x64
		Release|x64 = Release|x64
		MinSizeRel|x64 = MinSizeRel|x64
		RelWithDebInfo|x64 = RelWithDebInfo|x64
	EndGlobalSection
	GlobalSection(ProjectConfigurationPlatforms) = postSolution
		{3C77EAD3-03E7-3B9C-9833-34984854AD11}.Debug|x64.ActiveCfg = Debug|x64
		{3C77EAD3-03E7-3B9C-9833-34984854AD11}.Release|x64.ActiveCfg = Release|x64
		{3C77EAD3-03E7-3B9C-9833-34984854AD11}.MinSizeRel|x64.ActiveCfg = MinSizeRel|x64
		{3C77EAD3-03E7-3B9C-9833-34984854AD11}.RelWithDebInfo|x64.ActiveCfg = RelWithDebInfo|x64
		{B4E31461-E072-3081-9B35-3A6FABA78E9F}.Debug|x64.ActiveCfg = Debug|x64
		{B4E31461-E072-3081-9B35-3A6FABA78E9F}.Debug|x64.Build.0 = Debug|x64
		{B4E31461-E072-3081-9B35-3A6FABA78E9F}.Release|x64.ActiveCfg = Release|x64
		{B4E31461-E072-3081-9B35-3A6FABA78E9F}.Release|x64.Build.0 = Release|x64
		{B4E31461-E072-3081-9B35-3A6FABA78E9F}.MinSizeRel|x64.ActiveCfg = MinSizeRel|x64
		{B4E31461-E072-3081-9B35-3A6FABA78E9F}.MinSizeRel|x64.Build.0 = MinSizeRel|x64
		{B4E31461-E072-3081-9B35-3A6FABA78E9F}.RelWithDebInfo|x64.ActiveCfg = RelWithDebInfo|x64
		{B4E31461-E072-3081-9B35-3A6FABA78E9F}.RelWithDebInfo|x64.Build.0 = RelWithDebInfo|x64
		{7A399E24-0973-331F-981E-350059D575F4}.Debug|x64.ActiveCfg = Debug|x64
		{7A399E24-0973-331F-981E-350059D575F4}.Debug|x64.Build.0 = Debug|x64
		{7A399E24-0973-331F-981E-350059D575F4}.Release|x64.ActiveCfg = Release|x64
		{7A399E24-0973-331F-981E-350059D575F4}.Release|x64.Build.0 = Release|x64
		{7A399E24-0973-331F-981E-350059D575F4}.MinSizeRel|x64.ActiveCfg = MinSizeRel|x64
		{7A399E24-0973-331F-981E-350059D575F4}.MinSizeRel|x64.Build.0 = MinSizeRel|x64
		{7A399E24-0973-331F-981E-350059D575F4}.RelWithDebInfo|x64.ActiveCfg = RelWithDebInfo|x64
		{7A399E24-0973-331F-981E-350059D575F4}.RelWithDebInfo|x64.Build.0 = RelWithDebInfo|x64
		{2A1499C0-24D0-3BBC-A68A-A0D3E0EE5015}.Debug|x64.ActiveCfg = Debug|x64
		{2A1499C0-24D0-3BBC-A68A-A0D3E0EE5015}.Debug|x64.Build.0 = Debug|x64
		{2A1499C0-24D0-3BBC-A68A-A0D3E0EE5015}.Release|x64.ActiveCfg = Release|x64
		{2A1499C0-24D0-3BBC-A68A-A0D3E0EE5015}.Release|x64.Build.0 = Release|x64
		{2A1499C0-24D0-3BBC-A68A-A0D3E0EE5015}.MinSizeRel|x64.ActiveCfg = MinSizeRel|x64
		{2A1499C0-24D0-3BBC-A68A-A0D3E0EE5015}.MinSizeRel|x64.Build.0 = MinSizeRel|x64
		{2A1499C0-24D0-3BBC-A68A-A0D3E0EE5015}.RelWithDebInfo|x64.ActiveCfg = RelWithDebInfo|x64
		{2A1499C0-24D0-3BBC-A68A-A0D3E0EE5015}.RelWithDebInfo|x64.Build.0 = RelWithDebInfo|x64
		{1C182E04-93E4-348B-89D1-A31A206F730C}.Debug|x64.ActiveCfg = Debug|x64
		{1C182E04-93E4-348B-89D1-A31A206F730C}.Debug|x64.Build.0 = Debug|x64
		{1C182E04-93E4-348B-89D1-A31A206F730C}.Release|x64.ActiveCfg = Release|x64
		{1C182E04-93E4-348B-89D1-A31A206F730C}.Release|x64.Build.0 = Release|x64
		{1C182E04-93E4-348B-89D1-A31A206F730C}.MinSizeRel|x64.ActiveCfg = MinSizeRel|x64
		{1C182E04-93E4-348B-89D1-A31A206F730C}.MinSizeRel|x64.Build.0 = MinSizeRel|x64
		{1C182E04-93E4-348B-89D1-A31A206F730C}.RelWithDebInfo|x64.ActiveCfg = RelWithDebInfo|x64
		{1C182E04-93E4-348B-89D1-A31A206F730C}.RelWithDebInfo|x64.Build.0 = RelWithDebInfo|x64
		{985AE6F3-350B-3F2A-BD76-D2836968F970}.Debug|x64.ActiveCfg = Debug|x64
		{985AE6F3-350B-3F2A-BD76-D2836968F970}.Debug|x64.Build.0 = Debug|x64
		{985AE6F3-350B-3F2A-BD76-D2836968F970}.Release|x64.ActiveCfg = Release|x64
		{985AE6F3-350B-3F2A-BD76-D2836968F970}.Release|x64.Build.0 = Release|x64
		{985AE6F3-350B-3F2A-BD76-D2836968F970}.MinSizeRel|x64.ActiveCfg = MinSizeRel|x64
		{985AE6F3-350B-3F2A-BD76-D2836968F970}.MinSizeRel|x64.Build.0 = MinSizeRel|x64
		{985AE6F3-350B-3F2A-BD76-D2836968F970}.RelWithDebInfo|x64.ActiveCfg = RelWithDebInfo|x64
		{985AE6F3-350B-3F2A-BD76-D2836968F970}.RelWithDebInfo|x64.Build.0 = RelWithDebInfo|x64
		{DA98BF67-1FE4-3389-8EFA-03D94F378836}.Debug|x64.ActiveCfg = Debug|x64
		{DA98BF67-1FE4-3389-8EFA-03D94F378836}.Debug|x64.Build.0 = Debug|x64
		{DA98BF67-1FE4-3389-8EFA-03D94F378836}.Release|x64.ActiveCfg = Release|x64
		{DA98BF67-1FE4-3389-8EFA-03D94F378836}.Release|x64.Build.0 = Release|x64
		{DA98BF67-1FE4-3389-8EFA-03D94F378836}.MinSizeRel|x64.ActiveCfg = MinSizeRel|x64
		{DA98BF67-1FE4-3389-8EFA-03D94F378836}.MinSizeRel|x64.Build.0 = MinSizeRel|x64
		{DA98BF67-1FE4-3389-8EFA-03D94F378836}.RelWithDebInfo|x64.ActiveCfg = RelWithDebInfo|x64
		{DA98BF67-1FE4-3389-8EFA-03D94F378836}.RelWithDebInfo|x64.Build.0 = RelWithDebInfo|x64
	EndGlobalSection
	GlobalSection(ExtensibilityGlobals) = postSolution
		SolutionGuid = {F7F6B58B-C478-3AD9-B264-1BC38B653568}
	EndGlobalSection
	GlobalSection(ExtensibilityAddIns) = postSolution
	EndGlobalSection
EndGlobal
