
Microsoft Visual Studio Solution File, Format Version 12.00
# Visual Studio Version 16
Project("{8BC9CEB8-8B4A-11D0-8D11-00A0C91BC942}") = "ALL_BUILD", "ALL_BUILD.vcxproj", "{D781ABA3-1506-3D82-9B96-1CE94A97F63B}"
	ProjectSection(ProjectDependencies) = postProject
		{8190949B-6681-3555-B244-2836532A2CDD} = {8190949B-6681-3555-B244-2836532A2CDD}
		{18FBF53D-4063-3A52-9F68-C66554DFB861} = {18FBF53D-4063-3A52-9F68-C66554DFB861}
		{10CF7552-2DBF-39E7-8119-61E2FCACC46A} = {10CF7552-2DBF-39E7-8119-61E2FCACC46A}
		{40534E89-F869-3ECC-8988-111A10AF1360} = {40534E89-F869-3ECC-8988-111A10AF1360}
		{E9BDCA20-978B-35CB-98C4-0F3375657C25} = {E9BDCA20-978B-35CB-98C4-0F3375657C25}
		{99AC3AAE-C464-3C6B-A220-2887BE638AAC} = {99AC3AAE-C464-3C6B-A220-2887BE638AAC}
	EndProjectSection
EndProject
Project("{8BC9CEB8-8B4A-11D0-8D11-00A0C91BC942}") = "Engine", "Engine\Engine.vcxproj", "{8190949B-6681-3555-B244-2836532A2CDD}"
	ProjectSection(ProjectDependencies) = postProject
		{10CF7552-2DBF-39E7-8119-61E2FCACC46A} = {10CF7552-2DBF-39E7-8119-61E2FCACC46A}
		{99AC3AAE-C464-3C6B-A220-2887BE638AAC} = {99AC3AAE-C464-3C6B-A220-2887BE638AAC}
	EndProjectSection
EndProject
Project("{8BC9CEB8-8B4A-11D0-8D11-00A0C91BC942}") = "Game", "Game\Game.vcxproj", "{18FBF53D-4063-3A52-9F68-C66554DFB861}"
	ProjectSection(ProjectDependencies) = postProject
		{8190949B-6681-3555-B244-2836532A2CDD} = {8190949B-6681-3555-B244-2836532A2CDD}
		{10CF7552-2DBF-39E7-8119-61E2FCACC46A} = {10CF7552-2DBF-39E7-8119-61E2FCACC46A}
		{99AC3AAE-C464-3C6B-A220-2887BE638AAC} = {99AC3AAE-C464-3C6B-A220-2887BE638AAC}
	EndProjectSection
EndProject
Project("{8BC9CEB8-8B4A-11D0-8D11-00A0C91BC942}") = "SDL3-static", "Vendor\SDL\SDL3-static.vcxproj", "{10CF7552-2DBF-39E7-8119-61E2FCACC46A}"
	ProjectSection(ProjectDependencies) = postProject
		{E9BDCA20-978B-35CB-98C4-0F3375657C25} = {E9BDCA20-978B-35CB-98C4-0F3375657C25}
		{99AC3AAE-C464-3C6B-A220-2887BE638AAC} = {99AC3AAE-C464-3C6B-A220-2887BE638AAC}
	EndProjectSection
EndProject
Project("{8BC9CEB8-8B4A-11D0-8D11-00A0C91BC942}") = "SDL3_test", "Vendor\SDL\SDL3_test.vcxproj", "{40534E89-F869-3ECC-8988-111A10AF1360}"
	ProjectSection(ProjectDependencies) = postProject
		{99AC3AAE-C464-3C6B-A220-2887BE638AAC} = {99AC3AAE-C464-3C6B-A220-2887BE638AAC}
	EndProjectSection
EndProject
Project("{8BC9CEB8-8B4A-11D0-8D11-00A0C91BC942}") = "SDL_uclibc", "Vendor\SDL\SDL_uclibc.vcxproj", "{E9BDCA20-978B-35CB-98C4-0F3375657C25}"
	ProjectSection(ProjectDependencies) = postProject
		{99AC3AAE-C464-3C6B-A220-2887BE638AAC} = {99AC3AAE-C464-3C6B-A220-2887BE638AAC}
	EndProjectSection
EndProject
Project("{8BC9CEB8-8B4A-11D0-8D11-00A0C91BC942}") = "ZERO_CHECK", "ZERO_CHECK.vcxproj", "{99AC3AAE-C464-3C6B-A220-2887BE638AAC}"
	ProjectSection(ProjectDependencies) = postProject
	EndProjectSection
EndProject
Global
	GlobalSection(SolutionConfigurationPlatforms) = preSolution
		Debug|x64 = Debug|x64
		Release|x64 = Release|x64
		MinSizeRel|x64 = MinSizeRel|x64
		RelWithDebInfo|x64 = RelWithDebInfo|x64
	EndGlobalSection
	GlobalSection(ProjectConfigurationPlatforms) = postSolution
		{D781ABA3-1506-3D82-9B96-1CE94A97F63B}.Debug|x64.ActiveCfg = Debug|x64
		{D781ABA3-1506-3D82-9B96-1CE94A97F63B}.Release|x64.ActiveCfg = Release|x64
		{D781ABA3-1506-3D82-9B96-1CE94A97F63B}.MinSizeRel|x64.ActiveCfg = MinSizeRel|x64
		{D781ABA3-1506-3D82-9B96-1CE94A97F63B}.RelWithDebInfo|x64.ActiveCfg = RelWithDebInfo|x64
		{8190949B-6681-3555-B244-2836532A2CDD}.Debug|x64.ActiveCfg = Debug|x64
		{8190949B-6681-3555-B244-2836532A2CDD}.Debug|x64.Build.0 = Debug|x64
		{8190949B-6681-3555-B244-2836532A2CDD}.Release|x64.ActiveCfg = Release|x64
		{8190949B-6681-3555-B244-2836532A2CDD}.Release|x64.Build.0 = Release|x64
		{8190949B-6681-3555-B244-2836532A2CDD}.MinSizeRel|x64.ActiveCfg = MinSizeRel|x64
		{8190949B-6681-3555-B244-2836532A2CDD}.MinSizeRel|x64.Build.0 = MinSizeRel|x64
		{8190949B-6681-3555-B244-2836532A2CDD}.RelWithDebInfo|x64.ActiveCfg = RelWithDebInfo|x64
		{8190949B-6681-3555-B244-2836532A2CDD}.RelWithDebInfo|x64.Build.0 = RelWithDebInfo|x64
		{18FBF53D-4063-3A52-9F68-C66554DFB861}.Debug|x64.ActiveCfg = Debug|x64
		{18FBF53D-4063-3A52-9F68-C66554DFB861}.Debug|x64.Build.0 = Debug|x64
		{18FBF53D-4063-3A52-9F68-C66554DFB861}.Release|x64.ActiveCfg = Release|x64
		{18FBF53D-4063-3A52-9F68-C66554DFB861}.Release|x64.Build.0 = Release|x64
		{18FBF53D-4063-3A52-9F68-C66554DFB861}.MinSizeRel|x64.ActiveCfg = MinSizeRel|x64
		{18FBF53D-4063-3A52-9F68-C66554DFB861}.MinSizeRel|x64.Build.0 = MinSizeRel|x64
		{18FBF53D-4063-3A52-9F68-C66554DFB861}.RelWithDebInfo|x64.ActiveCfg = RelWithDebInfo|x64
		{18FBF53D-4063-3A52-9F68-C66554DFB861}.RelWithDebInfo|x64.Build.0 = RelWithDebInfo|x64
		{10CF7552-2DBF-39E7-8119-61E2FCACC46A}.Debug|x64.ActiveCfg = Debug|x64
		{10CF7552-2DBF-39E7-8119-61E2FCACC46A}.Debug|x64.Build.0 = Debug|x64
		{10CF7552-2DBF-39E7-8119-61E2FCACC46A}.Release|x64.ActiveCfg = Release|x64
		{10CF7552-2DBF-39E7-8119-61E2FCACC46A}.Release|x64.Build.0 = Release|x64
		{10CF7552-2DBF-39E7-8119-61E2FCACC46A}.MinSizeRel|x64.ActiveCfg = MinSizeRel|x64
		{10CF7552-2DBF-39E7-8119-61E2FCACC46A}.MinSizeRel|x64.Build.0 = MinSizeRel|x64
		{10CF7552-2DBF-39E7-8119-61E2FCACC46A}.RelWithDebInfo|x64.ActiveCfg = RelWithDebInfo|x64
		{10CF7552-2DBF-39E7-8119-61E2FCACC46A}.RelWithDebInfo|x64.Build.0 = RelWithDebInfo|x64
		{40534E89-F869-3ECC-8988-111A10AF1360}.Debug|x64.ActiveCfg = Debug|x64
		{40534E89-F869-3ECC-8988-111A10AF1360}.Debug|x64.Build.0 = Debug|x64
		{40534E89-F869-3ECC-8988-111A10AF1360}.Release|x64.ActiveCfg = Release|x64
		{40534E89-F869-3ECC-8988-111A10AF1360}.Release|x64.Build.0 = Release|x64
		{40534E89-F869-3ECC-8988-111A10AF1360}.MinSizeRel|x64.ActiveCfg = MinSizeRel|x64
		{40534E89-F869-3ECC-8988-111A10AF1360}.MinSizeRel|x64.Build.0 = MinSizeRel|x64
		{40534E89-F869-3ECC-8988-111A10AF1360}.RelWithDebInfo|x64.ActiveCfg = RelWithDebInfo|x64
		{40534E89-F869-3ECC-8988-111A10AF1360}.RelWithDebInfo|x64.Build.0 = RelWithDebInfo|x64
		{E9BDCA20-978B-35CB-98C4-0F3375657C25}.Debug|x64.ActiveCfg = Debug|x64
		{E9BDCA20-978B-35CB-98C4-0F3375657C25}.Debug|x64.Build.0 = Debug|x64
		{E9BDCA20-978B-35CB-98C4-0F3375657C25}.Release|x64.ActiveCfg = Release|x64
		{E9BDCA20-978B-35CB-98C4-0F3375657C25}.Release|x64.Build.0 = Release|x64
		{E9BDCA20-978B-35CB-98C4-0F3375657C25}.MinSizeRel|x64.ActiveCfg = MinSizeRel|x64
		{E9BDCA20-978B-35CB-98C4-0F3375657C25}.MinSizeRel|x64.Build.0 = MinSizeRel|x64
		{E9BDCA20-978B-35CB-98C4-0F3375657C25}.RelWithDebInfo|x64.ActiveCfg = RelWithDebInfo|x64
		{E9BDCA20-978B-35CB-98C4-0F3375657C25}.RelWithDebInfo|x64.Build.0 = RelWithDebInfo|x64
		{99AC3AAE-C464-3C6B-A220-2887BE638AAC}.Debug|x64.ActiveCfg = Debug|x64
		{99AC3AAE-C464-3C6B-A220-2887BE638AAC}.Debug|x64.Build.0 = Debug|x64
		{99AC3AAE-C464-3C6B-A220-2887BE638AAC}.Release|x64.ActiveCfg = Release|x64
		{99AC3AAE-C464-3C6B-A220-2887BE638AAC}.Release|x64.Build.0 = Release|x64
		{99AC3AAE-C464-3C6B-A220-2887BE638AAC}.MinSizeRel|x64.ActiveCfg = MinSizeRel|x64
		{99AC3AAE-C464-3C6B-A220-2887BE638AAC}.MinSizeRel|x64.Build.0 = MinSizeRel|x64
		{99AC3AAE-C464-3C6B-A220-2887BE638AAC}.RelWithDebInfo|x64.ActiveCfg = RelWithDebInfo|x64
		{99AC3AAE-C464-3C6B-A220-2887BE638AAC}.RelWithDebInfo|x64.Build.0 = RelWithDebInfo|x64
	EndGlobalSection
	GlobalSection(ExtensibilityGlobals) = postSolution
		SolutionGuid = {E8FC22AE-0142-35E3-997C-DC78A6B8A395}
	EndGlobalSection
	GlobalSection(ExtensibilityAddIns) = postSolution
	EndGlobalSection
EndGlobal
