<?xml version="1.0" encoding="utf-8"?>
<Project ToolsVersion="16.0" xmlns="http://schemas.microsoft.com/developer/msbuild/2003">
  <ItemGroup>
    <ClCompile Include="C:\Users\adamm\NCSU Git\CSC 581\River\Engine\Source\Core\Application.cpp">
      <Filter>Source Files</Filter>
    </ClCompile>
    <ClCompile Include="C:\Users\adamm\NCSU Git\CSC 581\River\Engine\Source\Core\Window.cpp">
      <Filter>Source Files</Filter>
    </ClCompile>
    <ClCompile Include="C:\Users\adamm\NCSU Git\CSC 581\River\Engine\Source\Renderer\Renderer.cpp">
      <Filter>Source Files</Filter>
    </ClCompile>
  </ItemGroup>
  <ItemGroup>
    <ClInclude Include="C:\Users\adamm\NCSU Git\CSC 581\River\Engine\Source\Core\Application.h">
      <Filter>Header Files</Filter>
    </ClInclude>
    <ClInclude Include="C:\Users\adamm\NCSU Git\CSC 581\River\Engine\Source\Core\Window.h">
      <Filter>Header Files</Filter>
    </ClInclude>
    <ClInclude Include="C:\Users\adamm\NCSU Git\CSC 581\River\Engine\Source\CoreEngine.h">
      <Filter>Header Files</Filter>
    </ClInclude>
    <ClInclude Include="C:\Users\adamm\NCSU Git\CSC 581\River\Engine\Source\Renderer\Renderer.h">
      <Filter>Header Files</Filter>
    </ClInclude>
  </ItemGroup>
  <ItemGroup>
    <CustomBuild Include="C:\Users\adamm\NCSU Git\CSC 581\River\Engine\CMakeLists.txt" />
  </ItemGroup>
  <ItemGroup>
    <Filter Include="Header Files">
      <UniqueIdentifier>{4AC61D61-79D8-3C19-A024-1C84E03E81F6}</UniqueIdentifier>
    </Filter>
    <Filter Include="Source Files">
      <UniqueIdentifier>{6D34A31C-4330-3500-8B91-085AC2640DBF}</UniqueIdentifier>
    </Filter>
  </ItemGroup>
</Project>
