<?xml version="1.0" encoding="utf-8"?>
<Project ToolsVersion="16.0" xmlns="http://schemas.microsoft.com/developer/msbuild/2003">
  <ItemGroup>
    <ClCompile Include="C:\Users\adamm\OneDrive\Documents\NCSU Stuff\CSC 581\Game Engine\River\Engine\Source\Core\Application.cpp">
      <Filter>Source Files</Filter>
    </ClCompile>
    <ClCompile Include="C:\Users\adamm\OneDrive\Documents\NCSU Stuff\CSC 581\Game Engine\River\Engine\Source\Core\Window.cpp">
      <Filter>Source Files</Filter>
    </ClCompile>
    <ClCompile Include="C:\Users\adamm\OneDrive\Documents\NCSU Stuff\CSC 581\Game Engine\River\Engine\Source\Renderer\Renderer.cpp">
      <Filter>Source Files</Filter>
    </ClCompile>
  </ItemGroup>
  <ItemGroup>
    <ClInclude Include="C:\Users\adamm\OneDrive\Documents\NCSU Stuff\CSC 581\Game Engine\River\Engine\Source\Core\Application.h">
      <Filter>Header Files</Filter>
    </ClInclude>
    <ClInclude Include="C:\Users\adamm\OneDrive\Documents\NCSU Stuff\CSC 581\Game Engine\River\Engine\Source\Core\Window.h">
      <Filter>Header Files</Filter>
    </ClInclude>
    <ClInclude Include="C:\Users\adamm\OneDrive\Documents\NCSU Stuff\CSC 581\Game Engine\River\Engine\Source\CoreEngine.h">
      <Filter>Header Files</Filter>
    </ClInclude>
    <ClInclude Include="C:\Users\adamm\OneDrive\Documents\NCSU Stuff\CSC 581\Game Engine\River\Engine\Source\Renderer\Renderer.h">
      <Filter>Header Files</Filter>
    </ClInclude>
  </ItemGroup>
  <ItemGroup>
    <CustomBuild Include="C:\Users\adamm\OneDrive\Documents\NCSU Stuff\CSC 581\Game Engine\River\Engine\CMakeLists.txt" />
  </ItemGroup>
  <ItemGroup>
    <Filter Include="Header Files">
      <UniqueIdentifier>{3193B76C-7D35-3E22-A9AE-604C6AF61AA6}</UniqueIdentifier>
    </Filter>
    <Filter Include="Source Files">
      <UniqueIdentifier>{6F44E2AC-FE44-3D04-89D2-7930E9289086}</UniqueIdentifier>
    </Filter>
  </ItemGroup>
</Project>
